
Microsoft Visual Studio Solution File, Format Version 12.00
# Visual Studio Version 17
VisualStudioVersion = 17.10.34928.147
MinimumVisualStudioVersion = 10.0.40219.1
Project("{FAE04EC0-301F-11D3-BF4B-00C04F79EFBC}") = "oop_c#", "oop_c#\oop_c#.csproj", "{CE058E10-6B6F-4F6A-B011-C3F92565E2B9}"
EndProject
Global
	GlobalSection(SolutionConfigurationPlatforms) = preSolution
		Debug|Any CPU = Debug|Any CPU
		Release|Any CPU = Release|Any CPU
	EndGlobalSection
	GlobalSection(ProjectConfigurationPlatforms) = postSolution
		{CE058E10-6B6F-4F6A-B011-C3F92565E2B9}.Debug|Any CPU.ActiveCfg = Debug|Any CPU
		{CE058E10-6B6F-4F6A-B011-C3F92565E2B9}.Debug|Any CPU.Build.0 = Debug|Any CPU
		{CE058E10-6B6F-4F6A-B011-C3F92565E2B9}.Release|Any CPU.ActiveCfg = Release|Any CPU
		{CE058E10-6B6F-4F6A-B011-C3F92565E2B9}.Release|Any CPU.Build.0 = Release|Any CPU
	EndGlobalSection
	GlobalSection(SolutionProperties) = preSolution
		HideSolutionNode = FALSE
	EndGlobalSection
	GlobalSection(ExtensibilityGlobals) = postSolution
		SolutionGuid = {727C6F7A-B460-41FD-B518-60586DE3EC13}
	EndGlobalSection
EndGlobal
